// !$*UTF8*$!
{
	archiveVersion = 1;
	classes = {
	};
	objectVersion = 46;
	objects = {

/* Begin PBXBuildFile section */
		2C04026318728E4E00316474 /* UIKit.framework in Frameworks */ = {isa = PBXBuildFile; fileRef = 2C04026218728E4E00316474 /* UIKit.framework */; };
		2C04026518728E4E00316474 /* Foundation.framework in Frameworks */ = {isa = PBXBuildFile; fileRef = 2C04026418728E4E00316474 /* Foundation.framework */; };
		2C04026718728E4E00316474 /* CoreGraphics.framework in Frameworks */ = {isa = PBXBuildFile; fileRef = 2C04026618728E4E00316474 /* CoreGraphics.framework */; };
		2C04026D18728E4E00316474 /* InfoPlist.strings in Resources */ = {isa = PBXBuildFile; fileRef = 2C04026B18728E4E00316474 /* InfoPlist.strings */; };
		2C04026F18728E4E00316474 /* main.m in Sources */ = {isa = PBXBuildFile; fileRef = 2C04026E18728E4E00316474 /* main.m */; };
		2C04027318728E4E00316474 /* AppDelegate.m in Sources */ = {isa = PBXBuildFile; fileRef = 2C04027218728E4E00316474 /* AppDelegate.m */; };
		2C04027518728E4E00316474 /* Default.png in Resources */ = {isa = PBXBuildFile; fileRef = 2C04027418728E4E00316474 /* Default.png */; };
		2C04027718728E4E00316474 /* Default@2x.png in Resources */ = {isa = PBXBuildFile; fileRef = 2C04027618728E4E00316474 /* Default@2x.png */; };
		2C04027918728E4E00316474 /* Default-568h@2x.png in Resources */ = {isa = PBXBuildFile; fileRef = 2C04027818728E4E00316474 /* Default-568h@2x.png */; };
		2C04028C1872C3B100316474 /* CityViewController.m in Sources */ = {isa = PBXBuildFile; fileRef = 2C04028A1872C3B100316474 /* CityViewController.m */; };
		2C04028D1872C3B100316474 /* CityViewController.xib in Resources */ = {isa = PBXBuildFile; fileRef = 2C04028B1872C3B100316474 /* CityViewController.xib */; };
		2C0402911872D61200316474 /* WeatherHistoryViewController.m in Sources */ = {isa = PBXBuildFile; fileRef = 2C04028F1872D61200316474 /* WeatherHistoryViewController.m */; };
		2C0402921872D61200316474 /* WeatherHistoryViewController.xib in Resources */ = {isa = PBXBuildFile; fileRef = 2C0402901872D61200316474 /* WeatherHistoryViewController.xib */; };
		2C6B699818752BD800502AAE /* CustomCell.xib in Resources */ = {isa = PBXBuildFile; fileRef = 2C6B699718752BD800502AAE /* CustomCell.xib */; };
		2C6B699C1875779500502AAE /* ImageBackground.jpg in Resources */ = {isa = PBXBuildFile; fileRef = 2C6B699B1875779500502AAE /* ImageBackground.jpg */; };
		2C6B69B518759D6700502AAE /* 01d.png in Resources */ = {isa = PBXBuildFile; fileRef = 2C6B69A318759D6700502AAE /* 01d.png */; };
		2C6B69B618759D6700502AAE /* 01n.png in Resources */ = {isa = PBXBuildFile; fileRef = 2C6B69A418759D6700502AAE /* 01n.png */; };
		2C6B69B718759D6700502AAE /* 02d.png in Resources */ = {isa = PBXBuildFile; fileRef = 2C6B69A518759D6700502AAE /* 02d.png */; };
		2C6B69B818759D6700502AAE /* 02n.png in Resources */ = {isa = PBXBuildFile; fileRef = 2C6B69A618759D6700502AAE /* 02n.png */; };
		2C6B69B918759D6700502AAE /* 03d.png in Resources */ = {isa = PBXBuildFile; fileRef = 2C6B69A718759D6700502AAE /* 03d.png */; };
		2C6B69BA18759D6700502AAE /* 03n.png in Resources */ = {isa = PBXBuildFile; fileRef = 2C6B69A818759D6700502AAE /* 03n.png */; };
		2C6B69BB18759D6700502AAE /* 04d.png in Resources */ = {isa = PBXBuildFile; fileRef = 2C6B69A918759D6700502AAE /* 04d.png */; };
		2C6B69BC18759D6700502AAE /* 04n.png in Resources */ = {isa = PBXBuildFile; fileRef = 2C6B69AA18759D6700502AAE /* 04n.png */; };
		2C6B69BD18759D6700502AAE /* 09d.png in Resources */ = {isa = PBXBuildFile; fileRef = 2C6B69AB18759D6700502AAE /* 09d.png */; };
		2C6B69BE18759D6700502AAE /* 09n.png in Resources */ = {isa = PBXBuildFile; fileRef = 2C6B69AC18759D6700502AAE /* 09n.png */; };
		2C6B69BF18759D6700502AAE /* 10d.png in Resources */ = {isa = PBXBuildFile; fileRef = 2C6B69AD18759D6700502AAE /* 10d.png */; };
		2C6B69C018759D6700502AAE /* 10n.png in Resources */ = {isa = PBXBuildFile; fileRef = 2C6B69AE18759D6700502AAE /* 10n.png */; };
		2C6B69C118759D6700502AAE /* 11d.png in Resources */ = {isa = PBXBuildFile; fileRef = 2C6B69AF18759D6700502AAE /* 11d.png */; };
		2C6B69C218759D6700502AAE /* 11n.png in Resources */ = {isa = PBXBuildFile; fileRef = 2C6B69B018759D6700502AAE /* 11n.png */; };
		2C6B69C318759D6700502AAE /* 13d.png in Resources */ = {isa = PBXBuildFile; fileRef = 2C6B69B118759D6700502AAE /* 13d.png */; };
		2C6B69C418759D6700502AAE /* 13n.png in Resources */ = {isa = PBXBuildFile; fileRef = 2C6B69B218759D6700502AAE /* 13n.png */; };
		2C6B69C518759D6700502AAE /* 50d.png in Resources */ = {isa = PBXBuildFile; fileRef = 2C6B69B318759D6700502AAE /* 50d.png */; };
		2C6B69C618759D6700502AAE /* 50n.png in Resources */ = {isa = PBXBuildFile; fileRef = 2C6B69B418759D6700502AAE /* 50n.png */; };
		4C8F1FA618745B4200C1AFF5 /* NSObject+SBJSON.m in Sources */ = {isa = PBXBuildFile; fileRef = 4C8F1F9B18745B4200C1AFF5 /* NSObject+SBJSON.m */; };
		4C8F1FA718745B4200C1AFF5 /* NSString+SBJSON.m in Sources */ = {isa = PBXBuildFile; fileRef = 4C8F1F9D18745B4200C1AFF5 /* NSString+SBJSON.m */; };
		4C8F1FA818745B4200C1AFF5 /* SBJSON.m in Sources */ = {isa = PBXBuildFile; fileRef = 4C8F1F9F18745B4200C1AFF5 /* SBJSON.m */; };
		4C8F1FA918745B4200C1AFF5 /* SBJsonBase.m in Sources */ = {isa = PBXBuildFile; fileRef = 4C8F1FA118745B4200C1AFF5 /* SBJsonBase.m */; };
		4C8F1FAA18745B4200C1AFF5 /* SBJsonParser.m in Sources */ = {isa = PBXBuildFile; fileRef = 4C8F1FA318745B4200C1AFF5 /* SBJsonParser.m */; };
		4C8F1FAB18745B4200C1AFF5 /* SBJsonWriter.m in Sources */ = {isa = PBXBuildFile; fileRef = 4C8F1FA518745B4200C1AFF5 /* SBJsonWriter.m */; };
		4C8F1FB018746CB900C1AFF5 /* CustomCell.m in Sources */ = {isa = PBXBuildFile; fileRef = 4C8F1FAF18746CB900C1AFF5 /* CustomCell.m */; };
/* End PBXBuildFile section */

/* Begin PBXFileReference section */
		2C04025F18728E4D00316474 /* WeatherHistory.app */ = {isa = PBXFileReference; explicitFileType = wrapper.application; includeInIndex = 0; path = WeatherHistory.app; sourceTree = BUILT_PRODUCTS_DIR; };
		2C04026218728E4E00316474 /* UIKit.framework */ = {isa = PBXFileReference; lastKnownFileType = wrapper.framework; name = UIKit.framework; path = System/Library/Frameworks/UIKit.framework; sourceTree = SDKROOT; };
		2C04026418728E4E00316474 /* Foundation.framework */ = {isa = PBXFileReference; lastKnownFileType = wrapper.framework; name = Foundation.framework; path = System/Library/Frameworks/Foundation.framework; sourceTree = SDKROOT; };
		2C04026618728E4E00316474 /* CoreGraphics.framework */ = {isa = PBXFileReference; lastKnownFileType = wrapper.framework; name = CoreGraphics.framework; path = System/Library/Frameworks/CoreGraphics.framework; sourceTree = SDKROOT; };
		2C04026A18728E4E00316474 /* WeatherHistory-Info.plist */ = {isa = PBXFileReference; lastKnownFileType = text.plist.xml; path = "WeatherHistory-Info.plist"; sourceTree = "<group>"; };
		2C04026C18728E4E00316474 /* en */ = {isa = PBXFileReference; lastKnownFileType = text.plist.strings; name = en; path = en.lproj/InfoPlist.strings; sourceTree = "<group>"; };
		2C04026E18728E4E00316474 /* main.m */ = {isa = PBXFileReference; lastKnownFileType = sourcecode.c.objc; path = main.m; sourceTree = "<group>"; };
		2C04027018728E4E00316474 /* WeatherHistory-Prefix.pch */ = {isa = PBXFileReference; lastKnownFileType = sourcecode.c.h; path = "WeatherHistory-Prefix.pch"; sourceTree = "<group>"; };
		2C04027118728E4E00316474 /* AppDelegate.h */ = {isa = PBXFileReference; lastKnownFileType = sourcecode.c.h; path = AppDelegate.h; sourceTree = "<group>"; };
		2C04027218728E4E00316474 /* AppDelegate.m */ = {isa = PBXFileReference; lastKnownFileType = sourcecode.c.objc; path = AppDelegate.m; sourceTree = "<group>"; };
		2C04027418728E4E00316474 /* Default.png */ = {isa = PBXFileReference; lastKnownFileType = image.png; path = Default.png; sourceTree = "<group>"; };
		2C04027618728E4E00316474 /* Default@2x.png */ = {isa = PBXFileReference; lastKnownFileType = image.png; path = "Default@2x.png"; sourceTree = "<group>"; };
		2C04027818728E4E00316474 /* Default-568h@2x.png */ = {isa = PBXFileReference; lastKnownFileType = image.png; path = "Default-568h@2x.png"; sourceTree = "<group>"; };
		2C0402891872C3B000316474 /* CityViewController.h */ = {isa = PBXFileReference; fileEncoding = 4; lastKnownFileType = sourcecode.c.h; path = CityViewController.h; sourceTree = "<group>"; };
		2C04028A1872C3B100316474 /* CityViewController.m */ = {isa = PBXFileReference; fileEncoding = 4; lastKnownFileType = sourcecode.c.objc; path = CityViewController.m; sourceTree = "<group>"; };
		2C04028B1872C3B100316474 /* CityViewController.xib */ = {isa = PBXFileReference; fileEncoding = 4; lastKnownFileType = file.xib; path = CityViewController.xib; sourceTree = "<group>"; };
		2C04028E1872D61100316474 /* WeatherHistoryViewController.h */ = {isa = PBXFileReference; fileEncoding = 4; lastKnownFileType = sourcecode.c.h; path = WeatherHistoryViewController.h; sourceTree = "<group>"; };
		2C04028F1872D61200316474 /* WeatherHistoryViewController.m */ = {isa = PBXFileReference; fileEncoding = 4; lastKnownFileType = sourcecode.c.objc; path = WeatherHistoryViewController.m; sourceTree = "<group>"; };
		2C0402901872D61200316474 /* WeatherHistoryViewController.xib */ = {isa = PBXFileReference; fileEncoding = 4; lastKnownFileType = file.xib; path = WeatherHistoryViewController.xib; sourceTree = "<group>"; };
		2C6B699718752BD800502AAE /* CustomCell.xib */ = {isa = PBXFileReference; fileEncoding = 4; lastKnownFileType = file.xib; path = CustomCell.xib; sourceTree = "<group>"; };
		2C6B699B1875779500502AAE /* ImageBackground.jpg */ = {isa = PBXFileReference; lastKnownFileType = image.jpeg; name = ImageBackground.jpg; path = ../ImageBackground.jpg; sourceTree = "<group>"; };
		2C6B69A318759D6700502AAE /* 01d.png */ = {isa = PBXFileReference; lastKnownFileType = image.png; path = 01d.png; sourceTree = "<group>"; };
		2C6B69A418759D6700502AAE /* 01n.png */ = {isa = PBXFileReference; lastKnownFileType = image.png; path = 01n.png; sourceTree = "<group>"; };
		2C6B69A518759D6700502AAE /* 02d.png */ = {isa = PBXFileReference; lastKnownFileType = image.png; path = 02d.png; sourceTree = "<group>"; };
		2C6B69A618759D6700502AAE /* 02n.png */ = {isa = PBXFileReference; lastKnownFileType = image.png; path = 02n.png; sourceTree = "<group>"; };
		2C6B69A718759D6700502AAE /* 03d.png */ = {isa = PBXFileReference; lastKnownFileType = image.png; path = 03d.png; sourceTree = "<group>"; };
		2C6B69A818759D6700502AAE /* 03n.png */ = {isa = PBXFileReference; lastKnownFileType = image.png; path = 03n.png; sourceTree = "<group>"; };
		2C6B69A918759D6700502AAE /* 04d.png */ = {isa = PBXFileReference; lastKnownFileType = image.png; path = 04d.png; sourceTree = "<group>"; };
		2C6B69AA18759D6700502AAE /* 04n.png */ = {isa = PBXFileReference; lastKnownFileType = image.png; path = 04n.png; sourceTree = "<group>"; };
		2C6B69AB18759D6700502AAE /* 09d.png */ = {isa = PBXFileReference; lastKnownFileType = image.png; path = 09d.png; sourceTree = "<group>"; };
		2C6B69AC18759D6700502AAE /* 09n.png */ = {isa = PBXFileReference; lastKnownFileType = image.png; path = 09n.png; sourceTree = "<group>"; };
		2C6B69AD18759D6700502AAE /* 10d.png */ = {isa = PBXFileReference; lastKnownFileType = image.png; path = 10d.png; sourceTree = "<group>"; };
		2C6B69AE18759D6700502AAE /* 10n.png */ = {isa = PBXFileReference; lastKnownFileType = image.png; path = 10n.png; sourceTree = "<group>"; };
		2C6B69AF18759D6700502AAE /* 11d.png */ = {isa = PBXFileReference; lastKnownFileType = image.png; path = 11d.png; sourceTree = "<group>"; };
		2C6B69B018759D6700502AAE /* 11n.png */ = {isa = PBXFileReference; lastKnownFileType = image.png; path = 11n.png; sourceTree = "<group>"; };
		2C6B69B118759D6700502AAE /* 13d.png */ = {isa = PBXFileReference; lastKnownFileType = image.png; path = 13d.png; sourceTree = "<group>"; };
		2C6B69B218759D6700502AAE /* 13n.png */ = {isa = PBXFileReference; lastKnownFileType = image.png; path = 13n.png; sourceTree = "<group>"; };
		2C6B69B318759D6700502AAE /* 50d.png */ = {isa = PBXFileReference; lastKnownFileType = image.png; path = 50d.png; sourceTree = "<group>"; };
		2C6B69B418759D6700502AAE /* 50n.png */ = {isa = PBXFileReference; lastKnownFileType = image.png; path = 50n.png; sourceTree = "<group>"; };
		4C8F1F9918745B4100C1AFF5 /* JSON.h */ = {isa = PBXFileReference; fileEncoding = 4; lastKnownFileType = sourcecode.c.h; path = JSON.h; sourceTree = "<group>"; };
		4C8F1F9A18745B4200C1AFF5 /* NSObject+SBJSON.h */ = {isa = PBXFileReference; fileEncoding = 4; lastKnownFileType = sourcecode.c.h; path = "NSObject+SBJSON.h"; sourceTree = "<group>"; };
		4C8F1F9B18745B4200C1AFF5 /* NSObject+SBJSON.m */ = {isa = PBXFileReference; fileEncoding = 4; lastKnownFileType = sourcecode.c.objc; path = "NSObject+SBJSON.m"; sourceTree = "<group>"; };
		4C8F1F9C18745B4200C1AFF5 /* NSString+SBJSON.h */ = {isa = PBXFileReference; fileEncoding = 4; lastKnownFileType = sourcecode.c.h; path = "NSString+SBJSON.h"; sourceTree = "<group>"; };
		4C8F1F9D18745B4200C1AFF5 /* NSString+SBJSON.m */ = {isa = PBXFileReference; fileEncoding = 4; lastKnownFileType = sourcecode.c.objc; path = "NSString+SBJSON.m"; sourceTree = "<group>"; };
		4C8F1F9E18745B4200C1AFF5 /* SBJSON.h */ = {isa = PBXFileReference; fileEncoding = 4; lastKnownFileType = sourcecode.c.h; path = SBJSON.h; sourceTree = "<group>"; };
		4C8F1F9F18745B4200C1AFF5 /* SBJSON.m */ = {isa = PBXFileReference; fileEncoding = 4; lastKnownFileType = sourcecode.c.objc; path = SBJSON.m; sourceTree = "<group>"; };
		4C8F1FA018745B4200C1AFF5 /* SBJsonBase.h */ = {isa = PBXFileReference; fileEncoding = 4; lastKnownFileType = sourcecode.c.h; path = SBJsonBase.h; sourceTree = "<group>"; };
		4C8F1FA118745B4200C1AFF5 /* SBJsonBase.m */ = {isa = PBXFileReference; fileEncoding = 4; lastKnownFileType = sourcecode.c.objc; path = SBJsonBase.m; sourceTree = "<group>"; };
		4C8F1FA218745B4200C1AFF5 /* SBJsonParser.h */ = {isa = PBXFileReference; fileEncoding = 4; lastKnownFileType = sourcecode.c.h; path = SBJsonParser.h; sourceTree = "<group>"; };
		4C8F1FA318745B4200C1AFF5 /* SBJsonParser.m */ = {isa = PBXFileReference; fileEncoding = 4; lastKnownFileType = sourcecode.c.objc; path = SBJsonParser.m; sourceTree = "<group>"; };
		4C8F1FA418745B4200C1AFF5 /* SBJsonWriter.h */ = {isa = PBXFileReference; fileEncoding = 4; lastKnownFileType = sourcecode.c.h; path = SBJsonWriter.h; sourceTree = "<group>"; };
		4C8F1FA518745B4200C1AFF5 /* SBJsonWriter.m */ = {isa = PBXFileReference; fileEncoding = 4; lastKnownFileType = sourcecode.c.objc; path = SBJsonWriter.m; sourceTree = "<group>"; };
		4C8F1FAE18746CB900C1AFF5 /* CustomCell.h */ = {isa = PBXFileReference; fileEncoding = 4; lastKnownFileType = sourcecode.c.h; path = CustomCell.h; sourceTree = "<group>"; };
		4C8F1FAF18746CB900C1AFF5 /* CustomCell.m */ = {isa = PBXFileReference; fileEncoding = 4; lastKnownFileType = sourcecode.c.objc; path = CustomCell.m; sourceTree = "<group>"; };
/* End PBXFileReference section */

/* Begin PBXFrameworksBuildPhase section */
		2C04025C18728E4D00316474 /* Frameworks */ = {
			isa = PBXFrameworksBuildPhase;
			buildActionMask = 2147483647;
			files = (
				2C04026318728E4E00316474 /* UIKit.framework in Frameworks */,
				2C04026518728E4E00316474 /* Foundation.framework in Frameworks */,
				2C04026718728E4E00316474 /* CoreGraphics.framework in Frameworks */,
			);
			runOnlyForDeploymentPostprocessing = 0;
		};
/* End PBXFrameworksBuildPhase section */

/* Begin PBXGroup section */
		2C04025618728E4D00316474 = {
			isa = PBXGroup;
			children = (
				2C04026818728E4E00316474 /* WeatherHistory */,
				2C04026118728E4D00316474 /* Frameworks */,
				2C04026018728E4D00316474 /* Products */,
			);
			sourceTree = "<group>";
		};
		2C04026018728E4D00316474 /* Products */ = {
			isa = PBXGroup;
			children = (
				2C04025F18728E4D00316474 /* WeatherHistory.app */,
			);
			name = Products;
			sourceTree = "<group>";
		};
		2C04026118728E4D00316474 /* Frameworks */ = {
			isa = PBXGroup;
			children = (
				2C04026218728E4E00316474 /* UIKit.framework */,
				2C04026418728E4E00316474 /* Foundation.framework */,
				2C04026618728E4E00316474 /* CoreGraphics.framework */,
			);
			name = Frameworks;
			sourceTree = "<group>";
		};
		2C04026818728E4E00316474 /* WeatherHistory */ = {
			isa = PBXGroup;
			children = (
				2C6B69A218759D6600502AAE /* Images */,
				4C8F1F9818745B4100C1AFF5 /* JSON */,
				2C04027118728E4E00316474 /* AppDelegate.h */,
				2C04027218728E4E00316474 /* AppDelegate.m */,
				2C04026918728E4E00316474 /* Supporting Files */,
				2C0402891872C3B000316474 /* CityViewController.h */,
				2C04028A1872C3B100316474 /* CityViewController.m */,
				2C04028B1872C3B100316474 /* CityViewController.xib */,
				2C04028E1872D61100316474 /* WeatherHistoryViewController.h */,
				2C04028F1872D61200316474 /* WeatherHistoryViewController.m */,
				2C0402901872D61200316474 /* WeatherHistoryViewController.xib */,
				4C8F1FAE18746CB900C1AFF5 /* CustomCell.h */,
				4C8F1FAF18746CB900C1AFF5 /* CustomCell.m */,
				2C6B699718752BD800502AAE /* CustomCell.xib */,
			);
			path = WeatherHistory;
			sourceTree = "<group>";
		};
		2C04026918728E4E00316474 /* Supporting Files */ = {
			isa = PBXGroup;
			children = (
				2C04026A18728E4E00316474 /* WeatherHistory-Info.plist */,
				2C04026B18728E4E00316474 /* InfoPlist.strings */,
				2C04026E18728E4E00316474 /* main.m */,
				2C04027018728E4E00316474 /* WeatherHistory-Prefix.pch */,
				2C04027418728E4E00316474 /* Default.png */,
				2C04027618728E4E00316474 /* Default@2x.png */,
				2C04027818728E4E00316474 /* Default-568h@2x.png */,
			);
			name = "Supporting Files";
			sourceTree = "<group>";
		};
		2C6B69A218759D6600502AAE /* Images */ = {
			isa = PBXGroup;
			children = (
				2C6B69A318759D6700502AAE /* 01d.png */,
				2C6B69A418759D6700502AAE /* 01n.png */,
				2C6B69A518759D6700502AAE /* 02d.png */,
				2C6B69A618759D6700502AAE /* 02n.png */,
				2C6B69A718759D6700502AAE /* 03d.png */,
				2C6B69A818759D6700502AAE /* 03n.png */,
				2C6B69A918759D6700502AAE /* 04d.png */,
				2C6B69AA18759D6700502AAE /* 04n.png */,
				2C6B69AB18759D6700502AAE /* 09d.png */,
				2C6B69AC18759D6700502AAE /* 09n.png */,
				2C6B69AD18759D6700502AAE /* 10d.png */,
				2C6B69AE18759D6700502AAE /* 10n.png */,
				2C6B69AF18759D6700502AAE /* 11d.png */,
				2C6B69B018759D6700502AAE /* 11n.png */,
				2C6B69B118759D6700502AAE /* 13d.png */,
				2C6B69B218759D6700502AAE /* 13n.png */,
				2C6B69B318759D6700502AAE /* 50d.png */,
				2C6B69B418759D6700502AAE /* 50n.png */,
				2C6B699B1875779500502AAE /* ImageBackground.jpg */,
			);
			path = Images;
			sourceTree = "<group>";
		};
		4C8F1F9818745B4100C1AFF5 /* JSON */ = {
			isa = PBXGroup;
			children = (
				4C8F1F9918745B4100C1AFF5 /* JSON.h */,
				4C8F1F9A18745B4200C1AFF5 /* NSObject+SBJSON.h */,
				4C8F1F9B18745B4200C1AFF5 /* NSObject+SBJSON.m */,
				4C8F1F9C18745B4200C1AFF5 /* NSString+SBJSON.h */,
				4C8F1F9D18745B4200C1AFF5 /* NSString+SBJSON.m */,
				4C8F1F9E18745B4200C1AFF5 /* SBJSON.h */,
				4C8F1F9F18745B4200C1AFF5 /* SBJSON.m */,
				4C8F1FA018745B4200C1AFF5 /* SBJsonBase.h */,
				4C8F1FA118745B4200C1AFF5 /* SBJsonBase.m */,
				4C8F1FA218745B4200C1AFF5 /* SBJsonParser.h */,
				4C8F1FA318745B4200C1AFF5 /* SBJsonParser.m */,
				4C8F1FA418745B4200C1AFF5 /* SBJsonWriter.h */,
				4C8F1FA518745B4200C1AFF5 /* SBJsonWriter.m */,
			);
			path = JSON;
			sourceTree = "<group>";
		};
/* End PBXGroup section */

/* Begin PBXNativeTarget section */
		2C04025E18728E4D00316474 /* WeatherHistory */ = {
			isa = PBXNativeTarget;
			buildConfigurationList = 2C04027C18728E4E00316474 /* Build configuration list for PBXNativeTarget "WeatherHistory" */;
			buildPhases = (
				2C04025B18728E4D00316474 /* Sources */,
				2C04025C18728E4D00316474 /* Frameworks */,
				2C04025D18728E4D00316474 /* Resources */,
			);
			buildRules = (
			);
			dependencies = (
			);
			name = WeatherHistory;
			productName = WeatherHistory;
			productReference = 2C04025F18728E4D00316474 /* WeatherHistory.app */;
			productType = "com.apple.product-type.application";
		};
/* End PBXNativeTarget section */

/* Begin PBXProject section */
		2C04025718728E4D00316474 /* Project object */ = {
			isa = PBXProject;
			attributes = {
				LastUpgradeCheck = 0460;
			};
			buildConfigurationList = 2C04025A18728E4D00316474 /* Build configuration list for PBXProject "WeatherHistory" */;
			compatibilityVersion = "Xcode 3.2";
			developmentRegion = English;
			hasScannedForEncodings = 0;
			knownRegions = (
				en,
			);
			mainGroup = 2C04025618728E4D00316474;
			productRefGroup = 2C04026018728E4D00316474 /* Products */;
			projectDirPath = "";
			projectRoot = "";
			targets = (
				2C04025E18728E4D00316474 /* WeatherHistory */,
			);
		};
/* End PBXProject section */

/* Begin PBXResourcesBuildPhase section */
		2C04025D18728E4D00316474 /* Resources */ = {
			isa = PBXResourcesBuildPhase;
			buildActionMask = 2147483647;
			files = (
				2C04026D18728E4E00316474 /* InfoPlist.strings in Resources */,
				2C04027518728E4E00316474 /* Default.png in Resources */,
				2C04027718728E4E00316474 /* Default@2x.png in Resources */,
				2C04027918728E4E00316474 /* Default-568h@2x.png in Resources */,
				2C04028D1872C3B100316474 /* CityViewController.xib in Resources */,
				2C0402921872D61200316474 /* WeatherHistoryViewController.xib in Resources */,
				2C6B699818752BD800502AAE /* CustomCell.xib in Resources */,
				2C6B699C1875779500502AAE /* ImageBackground.jpg in Resources */,
				2C6B69B518759D6700502AAE /* 01d.png in Resources */,
				2C6B69B618759D6700502AAE /* 01n.png in Resources */,
				2C6B69B718759D6700502AAE /* 02d.png in Resources */,
				2C6B69B818759D6700502AAE /* 02n.png in Resources */,
				2C6B69B918759D6700502AAE /* 03d.png in Resources */,
				2C6B69BA18759D6700502AAE /* 03n.png in Resources */,
				2C6B69BB18759D6700502AAE /* 04d.png in Resources */,
				2C6B69BC18759D6700502AAE /* 04n.png in Resources */,
				2C6B69BD18759D6700502AAE /* 09d.png in Resources */,
				2C6B69BE18759D6700502AAE /* 09n.png in Resources */,
				2C6B69BF18759D6700502AAE /* 10d.png in Resources */,
				2C6B69C018759D6700502AAE /* 10n.png in Resources */,
				2C6B69C118759D6700502AAE /* 11d.png in Resources */,
				2C6B69C218759D6700502AAE /* 11n.png in Resources */,
				2C6B69C318759D6700502AAE /* 13d.png in Resources */,
				2C6B69C418759D6700502AAE /* 13n.png in Resources */,
				2C6B69C518759D6700502AAE /* 50d.png in Resources */,
				2C6B69C618759D6700502AAE /* 50n.png in Resources */,
			);
			runOnlyForDeploymentPostprocessing = 0;
		};
/* End PBXResourcesBuildPhase section */

/* Begin PBXSourcesBuildPhase section */
		2C04025B18728E4D00316474 /* Sources */ = {
			isa = PBXSourcesBuildPhase;
			buildActionMask = 2147483647;
			files = (
				4C8F1FA818745B4200C1AFF5 /* SBJSON.m in Sources */,
				4C8F1FAB18745B4200C1AFF5 /* SBJsonWriter.m in Sources */,
				2C04026F18728E4E00316474 /* main.m in Sources */,
				2C04027318728E4E00316474 /* AppDelegate.m in Sources */,
				4C8F1FAA18745B4200C1AFF5 /* SBJsonParser.m in Sources */,
				4C8F1FA618745B4200C1AFF5 /* NSObject+SBJSON.m in Sources */,
				2C04028C1872C3B100316474 /* CityViewController.m in Sources */,
				4C8F1FA918745B4200C1AFF5 /* SBJsonBase.m in Sources */,
				4C8F1FA718745B4200C1AFF5 /* NSString+SBJSON.m in Sources */,
				2C0402911872D61200316474 /* WeatherHistoryViewController.m in Sources */,
				4C8F1FB018746CB900C1AFF5 /* CustomCell.m in Sources */,
			);
			runOnlyForDeploymentPostprocessing = 0;
		};
/* End PBXSourcesBuildPhase section */

/* Begin PBXVariantGroup section */
		2C04026B18728E4E00316474 /* InfoPlist.strings */ = {
			isa = PBXVariantGroup;
			children = (
				2C04026C18728E4E00316474 /* en */,
			);
			name = InfoPlist.strings;
			sourceTree = "<group>";
		};
/* End PBXVariantGroup section */

/* Begin XCBuildConfiguration section */
		2C04027A18728E4E00316474 /* Debug */ = {
			isa = XCBuildConfiguration;
			buildSettings = {
				ALWAYS_SEARCH_USER_PATHS = NO;
				CLANG_CXX_LANGUAGE_STANDARD = "gnu++0x";
				CLANG_CXX_LIBRARY = "libc++";
				CLANG_ENABLE_OBJC_ARC = YES;
				CLANG_WARN_CONSTANT_CONVERSION = YES;
				CLANG_WARN_EMPTY_BODY = YES;
				CLANG_WARN_ENUM_CONVERSION = YES;
				CLANG_WARN_INT_CONVERSION = YES;
				CLANG_WARN__DUPLICATE_METHOD_MATCH = YES;
				"CODE_SIGN_IDENTITY[sdk=iphoneos*]" = "iPhone Developer";
				COPY_PHASE_STRIP = NO;
				GCC_C_LANGUAGE_STANDARD = gnu99;
				GCC_DYNAMIC_NO_PIC = NO;
				GCC_OPTIMIZATION_LEVEL = 0;
				GCC_PREPROCESSOR_DEFINITIONS = (
					"DEBUG=1",
					"$(inherited)",
				);
				GCC_SYMBOLS_PRIVATE_EXTERN = NO;
				GCC_WARN_ABOUT_RETURN_TYPE = YES;
				GCC_WARN_UNINITIALIZED_AUTOS = YES;
				GCC_WARN_UNUSED_VARIABLE = YES;
				IPHONEOS_DEPLOYMENT_TARGET = 6.0;
				ONLY_ACTIVE_ARCH = YES;
				SDKROOT = iphoneos;
			};
			name = Debug;
		};
		2C04027B18728E4E00316474 /* Release */ = {
			isa = XCBuildConfiguration;
			buildSettings = {
				ALWAYS_SEARCH_USER_PATHS = NO;
				CLANG_CXX_LANGUAGE_STANDARD = "gnu++0x";
				CLANG_CXX_LIBRARY = "libc++";
				CLANG_ENABLE_OBJC_ARC = YES;
				CLANG_WARN_CONSTANT_CONVERSION = YES;
				CLANG_WARN_EMPTY_BODY = YES;
				CLANG_WARN_ENUM_CONVERSION = YES;
				CLANG_WARN_INT_CONVERSION = YES;
				CLANG_WARN__DUPLICATE_METHOD_MATCH = YES;
				"CODE_SIGN_IDENTITY[sdk=iphoneos*]" = "iPhone Developer";
				COPY_PHASE_STRIP = YES;
				GCC_C_LANGUAGE_STANDARD = gnu99;
				GCC_WARN_ABOUT_RETURN_TYPE = YES;
				GCC_WARN_UNINITIALIZED_AUTOS = YES;
				GCC_WARN_UNUSED_VARIABLE = YES;
				IPHONEOS_DEPLOYMENT_TARGET = 6.0;
				OTHER_CFLAGS = "-DNS_BLOCK_ASSERTIONS=1";
				SDKROOT = iphoneos;
				VALIDATE_PRODUCT = YES;
			};
			name = Release;
		};
		2C04027D18728E4E00316474 /* Debug */ = {
			isa = XCBuildConfiguration;
			buildSettings = {
				GCC_PRECOMPILE_PREFIX_HEADER = YES;
				GCC_PREFIX_HEADER = "WeatherHistory/WeatherHistory-Prefix.pch";
				INFOPLIST_FILE = "WeatherHistory/WeatherHistory-Info.plist";
				IPHONEOS_DEPLOYMENT_TARGET = 6.0;
				PRODUCT_NAME = "$(TARGET_NAME)";
				WRAPPER_EXTENSION = app;
			};
			name = Debug;
		};
		2C04027E18728E4E00316474 /* Release */ = {
			isa = XCBuildConfiguration;
			buildSettings = {
				GCC_PRECOMPILE_PREFIX_HEADER = YES;
				GCC_PREFIX_HEADER = "WeatherHistory/WeatherHistory-Prefix.pch";
				INFOPLIST_FILE = "WeatherHistory/WeatherHistory-Info.plist";
				IPHONEOS_DEPLOYMENT_TARGET = 6.0;
				PRODUCT_NAME = "$(TARGET_NAME)";
				WRAPPER_EXTENSION = app;
			};
			name = Release;
		};
/* End XCBuildConfiguration section */

/* Begin XCConfigurationList section */
		2C04025A18728E4D00316474 /* Build configuration list for PBXProject "WeatherHistory" */ = {
			isa = XCConfigurationList;
			buildConfigurations = (
				2C04027A18728E4E00316474 /* Debug */,
				2C04027B18728E4E00316474 /* Release */,
			);
			defaultConfigurationIsVisible = 0;
			defaultConfigurationName = Debug;
		};
		2C04027C18728E4E00316474 /* Build configuration list for PBXNativeTarget "WeatherHistory" */ = {
			isa = XCConfigurationList;
			buildConfigurations = (
				2C04027D18728E4E00316474 /* Debug */,
				2C04027E18728E4E00316474 /* Release */,
			);
			defaultConfigurationIsVisible = 0;
			defaultConfigurationName = Debug;
		};
/* End XCConfigurationList section */
	};
	rootObject = 2C04025718728E4D00316474 /* Project object */;
}
